
Microsoft Visual Studio Solution File, Format Version 12.00
# Visual Studio Version 16
VisualStudioVersion = 25.0.1703.8
MinimumVisualStudioVersion = 10.0.40219.1
Project("{FAE04EC0-301F-11D3-BF4B-00C04F79EFBC}") = "leet-code", "leet-code\leet-code.csproj", "{37822414-1E46-4C45-993F-6D739D78BE9F}"
EndProject
Global
	GlobalSection(SolutionConfigurationPlatforms) = preSolution
		Debug|Any CPU = Debug|Any CPU
		Release|Any CPU = Release|Any CPU
	EndGlobalSection
	GlobalSection(ProjectConfigurationPlatforms) = postSolution
		{37822414-1E46-4C45-993F-6D739D78BE9F}.Debug|Any CPU.ActiveCfg = Debug|Any CPU
		{37822414-1E46-4C45-993F-6D739D78BE9F}.Debug|Any CPU.Build.0 = Debug|Any CPU
		{37822414-1E46-4C45-993F-6D739D78BE9F}.Release|Any CPU.ActiveCfg = Release|Any CPU
		{37822414-1E46-4C45-993F-6D739D78BE9F}.Release|Any CPU.Build.0 = Release|Any CPU
	EndGlobalSection
	GlobalSection(SolutionProperties) = preSolution
		HideSolutionNode = FALSE
	EndGlobalSection
	GlobalSection(ExtensibilityGlobals) = postSolution
		SolutionGuid = {59051FA6-D1CA-4CAC-A7D9-E2A6834FC9C0}
	EndGlobalSection
EndGlobal
